
Microsoft Visual Studio Solution File, Format Version 12.00
# Visual Studio Version 17
VisualStudioVersion = 17.9.34622.214
MinimumVisualStudioVersion = 10.0.40219.1
Project("{FAE04EC0-301F-11D3-BF4B-00C04F79EFBC}") = "HW11", "HW11\HW11.csproj", "{D09015A5-0482-44A9-BD82-F5F4522E2EB1}"
EndProject
Global
	GlobalSection(SolutionConfigurationPlatforms) = preSolution
		Debug|Any CPU = Debug|Any CPU
		Release|Any CPU = Release|Any CPU
	EndGlobalSection
	GlobalSection(ProjectConfigurationPlatforms) = postSolution
		{D09015A5-0482-44A9-BD82-F5F4522E2EB1}.Debug|Any CPU.ActiveCfg = Debug|Any CPU
		{D09015A5-0482-44A9-BD82-F5F4522E2EB1}.Debug|Any CPU.Build.0 = Debug|Any CPU
		{D09015A5-0482-44A9-BD82-F5F4522E2EB1}.Release|Any CPU.ActiveCfg = Release|Any CPU
		{D09015A5-0482-44A9-BD82-F5F4522E2EB1}.Release|Any CPU.Build.0 = Release|Any CPU
	EndGlobalSection
	GlobalSection(SolutionProperties) = preSolution
		HideSolutionNode = FALSE
	EndGlobalSection
	GlobalSection(ExtensibilityGlobals) = postSolution
		SolutionGuid = {086E41D1-36FB-4466-AFDF-4D84A3854197}
	EndGlobalSection
EndGlobal
